
Microsoft Visual Studio Solution File, Format Version 12.00
# Visual Studio Version 17
VisualStudioVersion = 17.3.32929.385
MinimumVisualStudioVersion = 10.0.40219.1
Project("{FAE04EC0-301F-11D3-BF4B-00C04F79EFBC}") = "axRobot", "axRobot\axRobot.csproj", "{ED4D350B-DF67-4368-A592-235F5EBCD5ED}"
EndProject
Project("{FAE04EC0-301F-11D3-BF4B-00C04F79EFBC}") = "axRobot_ios", "axRobot_ios\axRobot_ios.csproj", "{899393EA-E82D-4379-86AA-D2F7DC9376A5}"
EndProject
Project("{FAE04EC0-301F-11D3-BF4B-00C04F79EFBC}") = "axRobotCore", "axRobotCore\axRobotCore.csproj", "{9DD55373-AB67-46B0-8835-4C94CB9E34B1}"
EndProject
Project("{FAE04EC0-301F-11D3-BF4B-00C04F79EFBC}") = "axRobotCoreIOS", "axRobotCoreIOS\axRobotCoreIOS.csproj", "{E71F3053-056C-4381-9638-048ED73BDFF6}"
EndProject
Project("{FAE04EC0-301F-11D3-BF4B-00C04F79EFBC}") = "axRobotCoreAndroid", "axRobotCoreAndroid\axRobotCoreAndroid.csproj", "{A0F9B067-DA28-4C61-AAF7-A04A5F1FC7AA}"
EndProject
Global
	GlobalSection(SolutionConfigurationPlatforms) = preSolution
		Ad-Hoc|Any CPU = Ad-Hoc|Any CPU
		Ad-Hoc|iPhone = Ad-Hoc|iPhone
		Ad-Hoc|iPhoneSimulator = Ad-Hoc|iPhoneSimulator
		AppStore|Any CPU = AppStore|Any CPU
		AppStore|iPhone = AppStore|iPhone
		AppStore|iPhoneSimulator = AppStore|iPhoneSimulator
		Debug|Any CPU = Debug|Any CPU
		Debug|iPhone = Debug|iPhone
		Debug|iPhoneSimulator = Debug|iPhoneSimulator
		Release|Any CPU = Release|Any CPU
		Release|iPhone = Release|iPhone
		Release|iPhoneSimulator = Release|iPhoneSimulator
	EndGlobalSection
	GlobalSection(ProjectConfigurationPlatforms) = postSolution
		{ED4D350B-DF67-4368-A592-235F5EBCD5ED}.Ad-Hoc|Any CPU.ActiveCfg = Release|Any CPU
		{ED4D350B-DF67-4368-A592-235F5EBCD5ED}.Ad-Hoc|Any CPU.Build.0 = Release|Any CPU
		{ED4D350B-DF67-4368-A592-235F5EBCD5ED}.Ad-Hoc|Any CPU.Deploy.0 = Release|Any CPU
		{ED4D350B-DF67-4368-A592-235F5EBCD5ED}.Ad-Hoc|iPhone.ActiveCfg = Release|Any CPU
		{ED4D350B-DF67-4368-A592-235F5EBCD5ED}.Ad-Hoc|iPhone.Build.0 = Release|Any CPU
		{ED4D350B-DF67-4368-A592-235F5EBCD5ED}.Ad-Hoc|iPhone.Deploy.0 = Release|Any CPU
		{ED4D350B-DF67-4368-A592-235F5EBCD5ED}.Ad-Hoc|iPhoneSimulator.ActiveCfg = Release|Any CPU
		{ED4D350B-DF67-4368-A592-235F5EBCD5ED}.Ad-Hoc|iPhoneSimulator.Build.0 = Release|Any CPU
		{ED4D350B-DF67-4368-A592-235F5EBCD5ED}.Ad-Hoc|iPhoneSimulator.Deploy.0 = Release|Any CPU
		{ED4D350B-DF67-4368-A592-235F5EBCD5ED}.AppStore|Any CPU.ActiveCfg = Release|Any CPU
		{ED4D350B-DF67-4368-A592-235F5EBCD5ED}.AppStore|Any CPU.Build.0 = Release|Any CPU
		{ED4D350B-DF67-4368-A592-235F5EBCD5ED}.AppStore|Any CPU.Deploy.0 = Release|Any CPU
		{ED4D350B-DF67-4368-A592-235F5EBCD5ED}.AppStore|iPhone.ActiveCfg = Release|Any CPU
		{ED4D350B-DF67-4368-A592-235F5EBCD5ED}.AppStore|iPhone.Build.0 = Release|Any CPU
		{ED4D350B-DF67-4368-A592-235F5EBCD5ED}.AppStore|iPhone.Deploy.0 = Release|Any CPU
		{ED4D350B-DF67-4368-A592-235F5EBCD5ED}.AppStore|iPhoneSimulator.ActiveCfg = Release|Any CPU
		{ED4D350B-DF67-4368-A592-235F5EBCD5ED}.AppStore|iPhoneSimulator.Build.0 = Release|Any CPU
		{ED4D350B-DF67-4368-A592-235F5EBCD5ED}.AppStore|iPhoneSimulator.Deploy.0 = Release|Any CPU
		{ED4D350B-DF67-4368-A592-235F5EBCD5ED}.Debug|Any CPU.ActiveCfg = Debug|Any CPU
		{ED4D350B-DF67-4368-A592-235F5EBCD5ED}.Debug|Any CPU.Build.0 = Debug|Any CPU
		{ED4D350B-DF67-4368-A592-235F5EBCD5ED}.Debug|Any CPU.Deploy.0 = Debug|Any CPU
		{ED4D350B-DF67-4368-A592-235F5EBCD5ED}.Debug|iPhone.ActiveCfg = Debug|Any CPU
		{ED4D350B-DF67-4368-A592-235F5EBCD5ED}.Debug|iPhone.Build.0 = Debug|Any CPU
		{ED4D350B-DF67-4368-A592-235F5EBCD5ED}.Debug|iPhone.Deploy.0 = Debug|Any CPU
		{ED4D350B-DF67-4368-A592-235F5EBCD5ED}.Debug|iPhoneSimulator.ActiveCfg = Debug|Any CPU
		{ED4D350B-DF67-4368-A592-235F5EBCD5ED}.Release|Any CPU.ActiveCfg = Release|Any CPU
		{ED4D350B-DF67-4368-A592-235F5EBCD5ED}.Release|Any CPU.Build.0 = Release|Any CPU
		{ED4D350B-DF67-4368-A592-235F5EBCD5ED}.Release|Any CPU.Deploy.0 = Release|Any CPU
		{ED4D350B-DF67-4368-A592-235F5EBCD5ED}.Release|iPhone.ActiveCfg = Release|Any CPU
		{ED4D350B-DF67-4368-A592-235F5EBCD5ED}.Release|iPhone.Build.0 = Release|Any CPU
		{ED4D350B-DF67-4368-A592-235F5EBCD5ED}.Release|iPhone.Deploy.0 = Release|Any CPU
		{ED4D350B-DF67-4368-A592-235F5EBCD5ED}.Release|iPhoneSimulator.ActiveCfg = Release|Any CPU
		{ED4D350B-DF67-4368-A592-235F5EBCD5ED}.Release|iPhoneSimulator.Build.0 = Release|Any CPU
		{ED4D350B-DF67-4368-A592-235F5EBCD5ED}.Release|iPhoneSimulator.Deploy.0 = Release|Any CPU
		{899393EA-E82D-4379-86AA-D2F7DC9376A5}.Ad-Hoc|Any CPU.ActiveCfg = Ad-Hoc|iPhone
		{899393EA-E82D-4379-86AA-D2F7DC9376A5}.Ad-Hoc|iPhone.ActiveCfg = Ad-Hoc|iPhone
		{899393EA-E82D-4379-86AA-D2F7DC9376A5}.Ad-Hoc|iPhone.Build.0 = Ad-Hoc|iPhone
		{899393EA-E82D-4379-86AA-D2F7DC9376A5}.Ad-Hoc|iPhoneSimulator.ActiveCfg = Ad-Hoc|iPhoneSimulator
		{899393EA-E82D-4379-86AA-D2F7DC9376A5}.Ad-Hoc|iPhoneSimulator.Build.0 = Ad-Hoc|iPhoneSimulator
		{899393EA-E82D-4379-86AA-D2F7DC9376A5}.AppStore|Any CPU.ActiveCfg = AppStore|iPhone
		{899393EA-E82D-4379-86AA-D2F7DC9376A5}.AppStore|iPhone.ActiveCfg = AppStore|iPhone
		{899393EA-E82D-4379-86AA-D2F7DC9376A5}.AppStore|iPhone.Build.0 = AppStore|iPhone
		{899393EA-E82D-4379-86AA-D2F7DC9376A5}.AppStore|iPhoneSimulator.ActiveCfg = AppStore|iPhoneSimulator
		{899393EA-E82D-4379-86AA-D2F7DC9376A5}.AppStore|iPhoneSimulator.Build.0 = AppStore|iPhoneSimulator
		{899393EA-E82D-4379-86AA-D2F7DC9376A5}.Debug|Any CPU.ActiveCfg = Debug|iPhone
		{899393EA-E82D-4379-86AA-D2F7DC9376A5}.Debug|iPhone.ActiveCfg = Debug|iPhone
		{899393EA-E82D-4379-86AA-D2F7DC9376A5}.Debug|iPhone.Build.0 = Debug|iPhone
		{899393EA-E82D-4379-86AA-D2F7DC9376A5}.Debug|iPhoneSimulator.ActiveCfg = Debug|iPhoneSimulator
		{899393EA-E82D-4379-86AA-D2F7DC9376A5}.Debug|iPhoneSimulator.Build.0 = Debug|iPhoneSimulator
		{899393EA-E82D-4379-86AA-D2F7DC9376A5}.Release|Any CPU.ActiveCfg = Release|iPhone
		{899393EA-E82D-4379-86AA-D2F7DC9376A5}.Release|iPhone.ActiveCfg = Release|iPhone
		{899393EA-E82D-4379-86AA-D2F7DC9376A5}.Release|iPhone.Build.0 = Release|iPhone
		{899393EA-E82D-4379-86AA-D2F7DC9376A5}.Release|iPhoneSimulator.ActiveCfg = Release|iPhoneSimulator
		{899393EA-E82D-4379-86AA-D2F7DC9376A5}.Release|iPhoneSimulator.Build.0 = Release|iPhoneSimulator
		{9DD55373-AB67-46B0-8835-4C94CB9E34B1}.Ad-Hoc|Any CPU.ActiveCfg = Release|Any CPU
		{9DD55373-AB67-46B0-8835-4C94CB9E34B1}.Ad-Hoc|Any CPU.Build.0 = Release|Any CPU
		{9DD55373-AB67-46B0-8835-4C94CB9E34B1}.Ad-Hoc|iPhone.ActiveCfg = Release|Any CPU
		{9DD55373-AB67-46B0-8835-4C94CB9E34B1}.Ad-Hoc|iPhone.Build.0 = Release|Any CPU
		{9DD55373-AB67-46B0-8835-4C94CB9E34B1}.Ad-Hoc|iPhoneSimulator.ActiveCfg = Release|Any CPU
		{9DD55373-AB67-46B0-8835-4C94CB9E34B1}.Ad-Hoc|iPhoneSimulator.Build.0 = Release|Any CPU
		{9DD55373-AB67-46B0-8835-4C94CB9E34B1}.AppStore|Any CPU.ActiveCfg = Release|Any CPU
		{9DD55373-AB67-46B0-8835-4C94CB9E34B1}.AppStore|Any CPU.Build.0 = Release|Any CPU
		{9DD55373-AB67-46B0-8835-4C94CB9E34B1}.AppStore|iPhone.ActiveCfg = Release|Any CPU
		{9DD55373-AB67-46B0-8835-4C94CB9E34B1}.AppStore|iPhone.Build.0 = Release|Any CPU
		{9DD55373-AB67-46B0-8835-4C94CB9E34B1}.AppStore|iPhoneSimulator.ActiveCfg = Release|Any CPU
		{9DD55373-AB67-46B0-8835-4C94CB9E34B1}.AppStore|iPhoneSimulator.Build.0 = Release|Any CPU
		{9DD55373-AB67-46B0-8835-4C94CB9E34B1}.Debug|Any CPU.ActiveCfg = Debug|Any CPU
		{9DD55373-AB67-46B0-8835-4C94CB9E34B1}.Debug|Any CPU.Build.0 = Debug|Any CPU
		{9DD55373-AB67-46B0-8835-4C94CB9E34B1}.Debug|iPhone.ActiveCfg = Debug|Any CPU
		{9DD55373-AB67-46B0-8835-4C94CB9E34B1}.Debug|iPhone.Build.0 = Debug|Any CPU
		{9DD55373-AB67-46B0-8835-4C94CB9E34B1}.Debug|iPhoneSimulator.ActiveCfg = Debug|Any CPU
		{9DD55373-AB67-46B0-8835-4C94CB9E34B1}.Debug|iPhoneSimulator.Build.0 = Debug|Any CPU
		{9DD55373-AB67-46B0-8835-4C94CB9E34B1}.Release|Any CPU.ActiveCfg = Release|Any CPU
		{9DD55373-AB67-46B0-8835-4C94CB9E34B1}.Release|Any CPU.Build.0 = Release|Any CPU
		{9DD55373-AB67-46B0-8835-4C94CB9E34B1}.Release|iPhone.ActiveCfg = Release|Any CPU
		{9DD55373-AB67-46B0-8835-4C94CB9E34B1}.Release|iPhone.Build.0 = Release|Any CPU
		{9DD55373-AB67-46B0-8835-4C94CB9E34B1}.Release|iPhoneSimulator.ActiveCfg = Release|Any CPU
		{9DD55373-AB67-46B0-8835-4C94CB9E34B1}.Release|iPhoneSimulator.Build.0 = Release|Any CPU
		{E71F3053-056C-4381-9638-048ED73BDFF6}.Ad-Hoc|Any CPU.ActiveCfg = Release|Any CPU
		{E71F3053-056C-4381-9638-048ED73BDFF6}.Ad-Hoc|Any CPU.Build.0 = Release|Any CPU
		{E71F3053-056C-4381-9638-048ED73BDFF6}.Ad-Hoc|iPhone.ActiveCfg = Release|Any CPU
		{E71F3053-056C-4381-9638-048ED73BDFF6}.Ad-Hoc|iPhone.Build.0 = Release|Any CPU
		{E71F3053-056C-4381-9638-048ED73BDFF6}.Ad-Hoc|iPhoneSimulator.ActiveCfg = Release|Any CPU
		{E71F3053-056C-4381-9638-048ED73BDFF6}.Ad-Hoc|iPhoneSimulator.Build.0 = Release|Any CPU
		{E71F3053-056C-4381-9638-048ED73BDFF6}.AppStore|Any CPU.ActiveCfg = Release|Any CPU
		{E71F3053-056C-4381-9638-048ED73BDFF6}.AppStore|Any CPU.Build.0 = Release|Any CPU
		{E71F3053-056C-4381-9638-048ED73BDFF6}.AppStore|iPhone.ActiveCfg = Release|Any CPU
		{E71F3053-056C-4381-9638-048ED73BDFF6}.AppStore|iPhone.Build.0 = Release|Any CPU
		{E71F3053-056C-4381-9638-048ED73BDFF6}.AppStore|iPhoneSimulator.ActiveCfg = Release|Any CPU
		{E71F3053-056C-4381-9638-048ED73BDFF6}.AppStore|iPhoneSimulator.Build.0 = Release|Any CPU
		{E71F3053-056C-4381-9638-048ED73BDFF6}.Debug|Any CPU.ActiveCfg = Debug|Any CPU
		{E71F3053-056C-4381-9638-048ED73BDFF6}.Debug|iPhone.ActiveCfg = Debug|Any CPU
		{E71F3053-056C-4381-9638-048ED73BDFF6}.Debug|iPhone.Build.0 = Debug|Any CPU
		{E71F3053-056C-4381-9638-048ED73BDFF6}.Debug|iPhoneSimulator.ActiveCfg = Debug|Any CPU
		{E71F3053-056C-4381-9638-048ED73BDFF6}.Debug|iPhoneSimulator.Build.0 = Debug|Any CPU
		{E71F3053-056C-4381-9638-048ED73BDFF6}.Release|Any CPU.ActiveCfg = Release|Any CPU
		{E71F3053-056C-4381-9638-048ED73BDFF6}.Release|Any CPU.Build.0 = Release|Any CPU
		{E71F3053-056C-4381-9638-048ED73BDFF6}.Release|iPhone.ActiveCfg = Release|Any CPU
		{E71F3053-056C-4381-9638-048ED73BDFF6}.Release|iPhone.Build.0 = Release|Any CPU
		{E71F3053-056C-4381-9638-048ED73BDFF6}.Release|iPhoneSimulator.ActiveCfg = Release|Any CPU
		{E71F3053-056C-4381-9638-048ED73BDFF6}.Release|iPhoneSimulator.Build.0 = Release|Any CPU
		{A0F9B067-DA28-4C61-AAF7-A04A5F1FC7AA}.Ad-Hoc|Any CPU.ActiveCfg = Release|Any CPU
		{A0F9B067-DA28-4C61-AAF7-A04A5F1FC7AA}.Ad-Hoc|Any CPU.Build.0 = Release|Any CPU
		{A0F9B067-DA28-4C61-AAF7-A04A5F1FC7AA}.Ad-Hoc|iPhone.ActiveCfg = Release|Any CPU
		{A0F9B067-DA28-4C61-AAF7-A04A5F1FC7AA}.Ad-Hoc|iPhone.Build.0 = Release|Any CPU
		{A0F9B067-DA28-4C61-AAF7-A04A5F1FC7AA}.Ad-Hoc|iPhoneSimulator.ActiveCfg = Release|Any CPU
		{A0F9B067-DA28-4C61-AAF7-A04A5F1FC7AA}.Ad-Hoc|iPhoneSimulator.Build.0 = Release|Any CPU
		{A0F9B067-DA28-4C61-AAF7-A04A5F1FC7AA}.AppStore|Any CPU.ActiveCfg = Release|Any CPU
		{A0F9B067-DA28-4C61-AAF7-A04A5F1FC7AA}.AppStore|Any CPU.Build.0 = Release|Any CPU
		{A0F9B067-DA28-4C61-AAF7-A04A5F1FC7AA}.AppStore|iPhone.ActiveCfg = Release|Any CPU
		{A0F9B067-DA28-4C61-AAF7-A04A5F1FC7AA}.AppStore|iPhone.Build.0 = Release|Any CPU
		{A0F9B067-DA28-4C61-AAF7-A04A5F1FC7AA}.AppStore|iPhoneSimulator.ActiveCfg = Release|Any CPU
		{A0F9B067-DA28-4C61-AAF7-A04A5F1FC7AA}.AppStore|iPhoneSimulator.Build.0 = Release|Any CPU
		{A0F9B067-DA28-4C61-AAF7-A04A5F1FC7AA}.Debug|Any CPU.ActiveCfg = Debug|Any CPU
		{A0F9B067-DA28-4C61-AAF7-A04A5F1FC7AA}.Debug|Any CPU.Build.0 = Debug|Any CPU
		{A0F9B067-DA28-4C61-AAF7-A04A5F1FC7AA}.Debug|iPhone.ActiveCfg = Debug|Any CPU
		{A0F9B067-DA28-4C61-AAF7-A04A5F1FC7AA}.Debug|iPhone.Build.0 = Debug|Any CPU
		{A0F9B067-DA28-4C61-AAF7-A04A5F1FC7AA}.Debug|iPhoneSimulator.ActiveCfg = Debug|Any CPU
		{A0F9B067-DA28-4C61-AAF7-A04A5F1FC7AA}.Debug|iPhoneSimulator.Build.0 = Debug|Any CPU
		{A0F9B067-DA28-4C61-AAF7-A04A5F1FC7AA}.Release|Any CPU.ActiveCfg = Release|Any CPU
		{A0F9B067-DA28-4C61-AAF7-A04A5F1FC7AA}.Release|Any CPU.Build.0 = Release|Any CPU
		{A0F9B067-DA28-4C61-AAF7-A04A5F1FC7AA}.Release|iPhone.ActiveCfg = Release|Any CPU
		{A0F9B067-DA28-4C61-AAF7-A04A5F1FC7AA}.Release|iPhone.Build.0 = Release|Any CPU
		{A0F9B067-DA28-4C61-AAF7-A04A5F1FC7AA}.Release|iPhoneSimulator.ActiveCfg = Release|Any CPU
		{A0F9B067-DA28-4C61-AAF7-A04A5F1FC7AA}.Release|iPhoneSimulator.Build.0 = Release|Any CPU
	EndGlobalSection
	GlobalSection(SolutionProperties) = preSolution
		HideSolutionNode = FALSE
	EndGlobalSection
	GlobalSection(ExtensibilityGlobals) = postSolution
		SolutionGuid = {F4F98690-DD09-45F6-97E2-A509839BAEF6}
	EndGlobalSection
	GlobalSection(MonoDevelopProperties) = preSolution
		Policies = $0
		$0.DotNetNamingPolicy = $1
		$0.TextStylePolicy = $2
		$2.scope = text/x-csharp
		$2.FileWidth = 80
		$2.TabsToSpaces = True
		$0.CSharpFormattingPolicy = $3
		$3.IndentSwitchBody = True
		$3.IndentBlocksInsideExpressions = True
		$3.AnonymousMethodBraceStyle = NextLine
		$3.PropertyBraceStyle = NextLine
		$3.PropertyGetBraceStyle = NextLine
		$3.PropertySetBraceStyle = NextLine
		$3.EventBraceStyle = NextLine
		$3.EventAddBraceStyle = NextLine
		$3.EventRemoveBraceStyle = NextLine
		$3.StatementBraceStyle = NextLine
		$3.ElseNewLinePlacement = NewLine
		$3.CatchNewLinePlacement = NewLine
		$3.FinallyNewLinePlacement = NewLine
		$3.WhileNewLinePlacement = DoNotCare
		$3.ArrayInitializerWrapping = DoNotChange
		$3.ArrayInitializerBraceStyle = NextLine
		$3.BeforeMethodDeclarationParentheses = False
		$3.BeforeMethodCallParentheses = False
		$3.BeforeConstructorDeclarationParentheses = False
		$3.NewLineBeforeConstructorInitializerColon = NewLine
		$3.NewLineAfterConstructorInitializerColon = SameLine
		$3.BeforeDelegateDeclarationParentheses = False
		$3.NewParentheses = False
		$3.SpacesBeforeBrackets = False
		$3.scope = text/x-csharp
		$3.IndentSwitchSection = False
		$3.NewLinesForBracesInProperties = False
		$3.NewLinesForBracesInAccessors = False
		$3.NewLinesForBracesInAnonymousMethods = False
		$3.NewLinesForBracesInControlBlocks = False
		$3.NewLinesForBracesInAnonymousTypes = False
		$3.NewLinesForBracesInObjectCollectionArrayInitializers = False
		$3.NewLinesForBracesInLambdaExpressionBody = False
		$3.NewLineForElse = False
		$3.NewLineForCatch = False
		$3.NewLineForFinally = False
		$3.NewLineForMembersInObjectInit = False
		$3.NewLineForMembersInAnonymousTypes = False
		$3.NewLineForClausesInQuery = False
		$3.SpacingAfterMethodDeclarationName = True
		$3.SpaceAfterMethodCallName = True
		$3.SpaceBeforeOpenSquareBracket = True
	EndGlobalSection
EndGlobal
